
Microsoft Visual Studio Solution File, Format Version 12.00
# Visual Studio 2013
VisualStudioVersion = 12.0.40629.0
MinimumVisualStudioVersion = 10.0.40219.1
Project("{FAE04EC0-301F-11D3-BF4B-00C04F79EFBC}") = "NFe.Classes", "NFe.Classes\NFe.Classes.csproj", "{29CA1DA2-440D-484B-951A-CF1B2EB27984}"
EndProject
Project("{FAE04EC0-301F-11D3-BF4B-00C04F79EFBC}") = "NFe.Utils", "NFe.Utils\NFe.Utils.csproj", "{E35E7C4A-5690-4979-8B43-002975B48EAA}"
EndProject
Project("{FAE04EC0-301F-11D3-BF4B-00C04F79EFBC}") = "NFe.AppTeste", "NFe.AppTeste\NFe.AppTeste.csproj", "{BB030128-9609-46D5-941C-1F53D95157E2}"
EndProject
Project("{FAE04EC0-301F-11D3-BF4B-00C04F79EFBC}") = "NFe.Servicos", "NFe.Servicos\NFe.Servicos.csproj", "{CCFDB136-3EE3-4AED-AA69-26ABBCB553C6}"
EndProject
Project("{FAE04EC0-301F-11D3-BF4B-00C04F79EFBC}") = "NFe.Wsdl", "NFe.Wsdl\NFe.Wsdl.csproj", "{23BA5FA7-8BD6-4AE1-9895-54F119DD15FA}"
EndProject
Project("{FAE04EC0-301F-11D3-BF4B-00C04F79EFBC}") = "NFe.Danfe.Base", "NFe.Danfe.Base\NFe.Danfe.Base.csproj", "{80C6093C-47D5-41A1-9FA0-E218E82FA666}"
EndProject
Project("{FAE04EC0-301F-11D3-BF4B-00C04F79EFBC}") = "NFe.Danfe.Fast", "NFe.Danfe.Fast\NFe.Danfe.Fast.csproj", "{B7F6A2FF-FD0E-4B44-82B3-371605CD0510}"
EndProject
Project("{FAE04EC0-301F-11D3-BF4B-00C04F79EFBC}") = "NFe.Danfe.AppTeste", "NFe.Danfe.AppTeste\NFe.Danfe.AppTeste.csproj", "{DEFCCB64-84E6-45B1-984C-9CAF0BA8CC23}"
EndProject
Project("{FAE04EC0-301F-11D3-BF4B-00C04F79EFBC}") = "Nfe.Client", "Nfe.Client\Nfe.Client.csproj", "{6E14939F-A3BB-405F-9D0B-6F598B0CC905}"
EndProject
Project("{2150E333-8FDC-42A3-9474-1A3956D46DE8}") = "9 - App", "9 - App", "{1E62C00A-BE65-4F6B-8187-5FEAA523E9CB}"
EndProject
Project("{2150E333-8FDC-42A3-9474-1A3956D46DE8}") = "0 - Client", "0 - Client", "{72E9D7B5-72EE-4AA8-80A0-E9527270E146}"
EndProject
Project("{2150E333-8FDC-42A3-9474-1A3956D46DE8}") = "1 - Biblioteca", "1 - Biblioteca", "{78BBA0B2-5D50-4428-873B-0BA299579825}"
EndProject
Project("{FAE04EC0-301F-11D3-BF4B-00C04F79EFBC}") = "Nfe.Client.Tests", "Nfe.Client.Tests\Nfe.Client.Tests.csproj", "{AC0ABD64-BF84-4AA1-8126-4A798C2C0C7C}"
EndProject
Global
	GlobalSection(SolutionConfigurationPlatforms) = preSolution
		Debug|Any CPU = Debug|Any CPU
		Release|Any CPU = Release|Any CPU
	EndGlobalSection
	GlobalSection(ProjectConfigurationPlatforms) = postSolution
		{29CA1DA2-440D-484B-951A-CF1B2EB27984}.Debug|Any CPU.ActiveCfg = Debug|Any CPU
		{29CA1DA2-440D-484B-951A-CF1B2EB27984}.Debug|Any CPU.Build.0 = Debug|Any CPU
		{29CA1DA2-440D-484B-951A-CF1B2EB27984}.Release|Any CPU.ActiveCfg = Release|Any CPU
		{29CA1DA2-440D-484B-951A-CF1B2EB27984}.Release|Any CPU.Build.0 = Release|Any CPU
		{E35E7C4A-5690-4979-8B43-002975B48EAA}.Debug|Any CPU.ActiveCfg = Debug|Any CPU
		{E35E7C4A-5690-4979-8B43-002975B48EAA}.Debug|Any CPU.Build.0 = Debug|Any CPU
		{E35E7C4A-5690-4979-8B43-002975B48EAA}.Release|Any CPU.ActiveCfg = Release|Any CPU
		{E35E7C4A-5690-4979-8B43-002975B48EAA}.Release|Any CPU.Build.0 = Release|Any CPU
		{BB030128-9609-46D5-941C-1F53D95157E2}.Debug|Any CPU.ActiveCfg = Debug|Any CPU
		{BB030128-9609-46D5-941C-1F53D95157E2}.Debug|Any CPU.Build.0 = Debug|Any CPU
		{BB030128-9609-46D5-941C-1F53D95157E2}.Release|Any CPU.ActiveCfg = Release|Any CPU
		{BB030128-9609-46D5-941C-1F53D95157E2}.Release|Any CPU.Build.0 = Release|Any CPU
		{CCFDB136-3EE3-4AED-AA69-26ABBCB553C6}.Debug|Any CPU.ActiveCfg = Debug|Any CPU
		{CCFDB136-3EE3-4AED-AA69-26ABBCB553C6}.Debug|Any CPU.Build.0 = Debug|Any CPU
		{CCFDB136-3EE3-4AED-AA69-26ABBCB553C6}.Release|Any CPU.ActiveCfg = Release|Any CPU
		{CCFDB136-3EE3-4AED-AA69-26ABBCB553C6}.Release|Any CPU.Build.0 = Release|Any CPU
		{23BA5FA7-8BD6-4AE1-9895-54F119DD15FA}.Debug|Any CPU.ActiveCfg = Debug|Any CPU
		{23BA5FA7-8BD6-4AE1-9895-54F119DD15FA}.Debug|Any CPU.Build.0 = Debug|Any CPU
		{23BA5FA7-8BD6-4AE1-9895-54F119DD15FA}.Release|Any CPU.ActiveCfg = Release|Any CPU
		{23BA5FA7-8BD6-4AE1-9895-54F119DD15FA}.Release|Any CPU.Build.0 = Release|Any CPU
		{80C6093C-47D5-41A1-9FA0-E218E82FA666}.Debug|Any CPU.ActiveCfg = Debug|Any CPU
		{80C6093C-47D5-41A1-9FA0-E218E82FA666}.Debug|Any CPU.Build.0 = Debug|Any CPU
		{80C6093C-47D5-41A1-9FA0-E218E82FA666}.Release|Any CPU.ActiveCfg = Release|Any CPU
		{80C6093C-47D5-41A1-9FA0-E218E82FA666}.Release|Any CPU.Build.0 = Release|Any CPU
		{B7F6A2FF-FD0E-4B44-82B3-371605CD0510}.Debug|Any CPU.ActiveCfg = Debug|Any CPU
		{B7F6A2FF-FD0E-4B44-82B3-371605CD0510}.Debug|Any CPU.Build.0 = Debug|Any CPU
		{B7F6A2FF-FD0E-4B44-82B3-371605CD0510}.Release|Any CPU.ActiveCfg = Release|Any CPU
		{B7F6A2FF-FD0E-4B44-82B3-371605CD0510}.Release|Any CPU.Build.0 = Release|Any CPU
		{DEFCCB64-84E6-45B1-984C-9CAF0BA8CC23}.Debug|Any CPU.ActiveCfg = Debug|Any CPU
		{DEFCCB64-84E6-45B1-984C-9CAF0BA8CC23}.Debug|Any CPU.Build.0 = Debug|Any CPU
		{DEFCCB64-84E6-45B1-984C-9CAF0BA8CC23}.Release|Any CPU.ActiveCfg = Release|Any CPU
		{DEFCCB64-84E6-45B1-984C-9CAF0BA8CC23}.Release|Any CPU.Build.0 = Release|Any CPU
		{6E14939F-A3BB-405F-9D0B-6F598B0CC905}.Debug|Any CPU.ActiveCfg = Debug|Any CPU
		{6E14939F-A3BB-405F-9D0B-6F598B0CC905}.Debug|Any CPU.Build.0 = Debug|Any CPU
		{6E14939F-A3BB-405F-9D0B-6F598B0CC905}.Release|Any CPU.ActiveCfg = Release|Any CPU
		{6E14939F-A3BB-405F-9D0B-6F598B0CC905}.Release|Any CPU.Build.0 = Release|Any CPU
		{AC0ABD64-BF84-4AA1-8126-4A798C2C0C7C}.Debug|Any CPU.ActiveCfg = Debug|Any CPU
		{AC0ABD64-BF84-4AA1-8126-4A798C2C0C7C}.Debug|Any CPU.Build.0 = Debug|Any CPU
		{AC0ABD64-BF84-4AA1-8126-4A798C2C0C7C}.Release|Any CPU.ActiveCfg = Release|Any CPU
		{AC0ABD64-BF84-4AA1-8126-4A798C2C0C7C}.Release|Any CPU.Build.0 = Release|Any CPU
	EndGlobalSection
	GlobalSection(SolutionProperties) = preSolution
		HideSolutionNode = FALSE
	EndGlobalSection
	GlobalSection(NestedProjects) = preSolution
		{29CA1DA2-440D-484B-951A-CF1B2EB27984} = {78BBA0B2-5D50-4428-873B-0BA299579825}
		{E35E7C4A-5690-4979-8B43-002975B48EAA} = {78BBA0B2-5D50-4428-873B-0BA299579825}
		{BB030128-9609-46D5-941C-1F53D95157E2} = {1E62C00A-BE65-4F6B-8187-5FEAA523E9CB}
		{CCFDB136-3EE3-4AED-AA69-26ABBCB553C6} = {78BBA0B2-5D50-4428-873B-0BA299579825}
		{23BA5FA7-8BD6-4AE1-9895-54F119DD15FA} = {78BBA0B2-5D50-4428-873B-0BA299579825}
		{80C6093C-47D5-41A1-9FA0-E218E82FA666} = {78BBA0B2-5D50-4428-873B-0BA299579825}
		{B7F6A2FF-FD0E-4B44-82B3-371605CD0510} = {78BBA0B2-5D50-4428-873B-0BA299579825}
		{DEFCCB64-84E6-45B1-984C-9CAF0BA8CC23} = {1E62C00A-BE65-4F6B-8187-5FEAA523E9CB}
		{6E14939F-A3BB-405F-9D0B-6F598B0CC905} = {72E9D7B5-72EE-4AA8-80A0-E9527270E146}
		{AC0ABD64-BF84-4AA1-8126-4A798C2C0C7C} = {72E9D7B5-72EE-4AA8-80A0-E9527270E146}
	EndGlobalSection
EndGlobal
